// !$*UTF8*$!
{
	archiveVersion = 1;
	classes = {
	};
	objectVersion = 55;
	objects = {

/* Begin PBXBuildFile section */
		4B8370B328FE7D5F004E7C89 /* GoogleService-Info.plist in Resources */ = {isa = PBXBuildFile; fileRef = 4B8370B228FE7D5E004E7C89 /* GoogleService-Info.plist */; };
		4B9267CE283CAE1D0002AD42 /* AppDelegate.swift in Sources */ = {isa = PBXBuildFile; fileRef = 4B9267CD283CAE1D0002AD42 /* AppDelegate.swift */; };
		4B9267D0283CAE1D0002AD42 /* SceneDelegate.swift in Sources */ = {isa = PBXBuildFile; fileRef = 4B9267CF283CAE1D0002AD42 /* SceneDelegate.swift */; };
		4B9267D5283CAE1D0002AD42 /* Main.storyboard in Resources */ = {isa = PBXBuildFile; fileRef = 4B9267D3283CAE1D0002AD42 /* Main.storyboard */; };
		4B9267D7283CAE1E0002AD42 /* Assets.xcassets in Resources */ = {isa = PBXBuildFile; fileRef = 4B9267D6283CAE1E0002AD42 /* Assets.xcassets */; };
		4B9267DA283CAE1E0002AD42 /* LaunchScreen.storyboard in Resources */ = {isa = PBXBuildFile; fileRef = 4B9267D8283CAE1E0002AD42 /* LaunchScreen.storyboard */; };
		4B9267E5283CAE1F0002AD42 /* torimamemoTests.swift in Sources */ = {isa = PBXBuildFile; fileRef = 4B9267E4283CAE1F0002AD42 /* torimamemoTests.swift */; };
		4B9267EF283CAE1F0002AD42 /* torimamemoUITests.swift in Sources */ = {isa = PBXBuildFile; fileRef = 4B9267EE283CAE1F0002AD42 /* torimamemoUITests.swift */; };
		4B9267F1283CAE1F0002AD42 /* torimamemoUITestsLaunchTests.swift in Sources */ = {isa = PBXBuildFile; fileRef = 4B9267F0283CAE1F0002AD42 /* torimamemoUITestsLaunchTests.swift */; };
		4B9267FE283CAF560002AD42 /* MemoTableTableViewController.swift in Sources */ = {isa = PBXBuildFile; fileRef = 4B9267FD283CAF560002AD42 /* MemoTableTableViewController.swift */; };
		4BCCCA8E2845EC7C00E80AAA /* MemoViewController.swift in Sources */ = {isa = PBXBuildFile; fileRef = 4BCCCA8D2845EC7C00E80AAA /* MemoViewController.swift */; };
		4BDB378D2910F52E0020D4B1 /* FirebaseFirestore in Frameworks */ = {isa = PBXBuildFile; productRef = 4BDB378C2910F52E0020D4B1 /* FirebaseFirestore */; };
/* End PBXBuildFile section */

/* Begin PBXContainerItemProxy section */
		4B9267E1283CAE1F0002AD42 /* PBXContainerItemProxy */ = {
			isa = PBXContainerItemProxy;
			containerPortal = 4B9267C2283CAE1D0002AD42 /* Project object */;
			proxyType = 1;
			remoteGlobalIDString = 4B9267C9283CAE1D0002AD42;
			remoteInfo = torimamemo;
		};
		4B9267EB283CAE1F0002AD42 /* PBXContainerItemProxy */ = {
			isa = PBXContainerItemProxy;
			containerPortal = 4B9267C2283CAE1D0002AD42 /* Project object */;
			proxyType = 1;
			remoteGlobalIDString = 4B9267C9283CAE1D0002AD42;
			remoteInfo = torimamemo;
		};
/* End PBXContainerItemProxy section */

/* Begin PBXFileReference section */
		4B8370B228FE7D5E004E7C89 /* GoogleService-Info.plist */ = {isa = PBXFileReference; fileEncoding = 4; lastKnownFileType = text.plist.xml; path = "GoogleService-Info.plist"; sourceTree = "<group>"; };
		4B9267CA283CAE1D0002AD42 /* P･write.app */ = {isa = PBXFileReference; explicitFileType = wrapper.application; includeInIndex = 0; path = "P･write.app"; sourceTree = BUILT_PRODUCTS_DIR; };
		4B9267CD283CAE1D0002AD42 /* AppDelegate.swift */ = {isa = PBXFileReference; lastKnownFileType = sourcecode.swift; path = AppDelegate.swift; sourceTree = "<group>"; };
		4B9267CF283CAE1D0002AD42 /* SceneDelegate.swift */ = {isa = PBXFileReference; lastKnownFileType = sourcecode.swift; path = SceneDelegate.swift; sourceTree = "<group>"; };
		4B9267D4283CAE1D0002AD42 /* Base */ = {isa = PBXFileReference; lastKnownFileType = file.storyboard; name = Base; path = Base.lproj/Main.storyboard; sourceTree = "<group>"; };
		4B9267D6283CAE1E0002AD42 /* Assets.xcassets */ = {isa = PBXFileReference; lastKnownFileType = folder.assetcatalog; path = Assets.xcassets; sourceTree = "<group>"; };
		4B9267D9283CAE1E0002AD42 /* Base */ = {isa = PBXFileReference; lastKnownFileType = file.storyboard; name = Base; path = Base.lproj/LaunchScreen.storyboard; sourceTree = "<group>"; };
		4B9267DB283CAE1E0002AD42 /* Info.plist */ = {isa = PBXFileReference; lastKnownFileType = text.plist.xml; path = Info.plist; sourceTree = "<group>"; };
		4B9267E0283CAE1F0002AD42 /* P･writeTests.xctest */ = {isa = PBXFileReference; explicitFileType = wrapper.cfbundle; includeInIndex = 0; path = "P･writeTests.xctest"; sourceTree = BUILT_PRODUCTS_DIR; };
		4B9267E4283CAE1F0002AD42 /* torimamemoTests.swift */ = {isa = PBXFileReference; lastKnownFileType = sourcecode.swift; path = torimamemoTests.swift; sourceTree = "<group>"; };
		4B9267EA283CAE1F0002AD42 /* P･writeUITests.xctest */ = {isa = PBXFileReference; explicitFileType = wrapper.cfbundle; includeInIndex = 0; path = "P･writeUITests.xctest"; sourceTree = BUILT_PRODUCTS_DIR; };
		4B9267EE283CAE1F0002AD42 /* torimamemoUITests.swift */ = {isa = PBXFileReference; lastKnownFileType = sourcecode.swift; path = torimamemoUITests.swift; sourceTree = "<group>"; };
		4B9267F0283CAE1F0002AD42 /* torimamemoUITestsLaunchTests.swift */ = {isa = PBXFileReference; lastKnownFileType = sourcecode.swift; path = torimamemoUITestsLaunchTests.swift; sourceTree = "<group>"; };
		4B9267FD283CAF560002AD42 /* MemoTableTableViewController.swift */ = {isa = PBXFileReference; lastKnownFileType = sourcecode.swift; path = MemoTableTableViewController.swift; sourceTree = "<group>"; };
		4BCCCA8D2845EC7C00E80AAA /* MemoViewController.swift */ = {isa = PBXFileReference; lastKnownFileType = sourcecode.swift; path = MemoViewController.swift; sourceTree = "<group>"; };
/* End PBXFileReference section */

/* Begin PBXFrameworksBuildPhase section */
		4B9267C7283CAE1D0002AD42 /* Frameworks */ = {
			isa = PBXFrameworksBuildPhase;
			buildActionMask = 2147483647;
			files = (
				4BDB378D2910F52E0020D4B1 /* FirebaseFirestore in Frameworks */,
			);
			runOnlyForDeploymentPostprocessing = 0;
		};
		4B9267DD283CAE1F0002AD42 /* Frameworks */ = {
			isa = PBXFrameworksBuildPhase;
			buildActionMask = 2147483647;
			files = (
			);
			runOnlyForDeploymentPostprocessing = 0;
		};
		4B9267E7283CAE1F0002AD42 /* Frameworks */ = {
			isa = PBXFrameworksBuildPhase;
			buildActionMask = 2147483647;
			files = (
			);
			runOnlyForDeploymentPostprocessing = 0;
		};
/* End PBXFrameworksBuildPhase section */

/* Begin PBXGroup section */
		4B9267C1283CAE1D0002AD42 = {
			isa = PBXGroup;
			children = (
				4B9267CC283CAE1D0002AD42 /* torimamemo */,
				4B9267E3283CAE1F0002AD42 /* torimamemoTests */,
				4B9267ED283CAE1F0002AD42 /* torimamemoUITests */,
				4B9267CB283CAE1D0002AD42 /* Products */,
			);
			sourceTree = "<group>";
		};
		4B9267CB283CAE1D0002AD42 /* Products */ = {
			isa = PBXGroup;
			children = (
				4B9267CA283CAE1D0002AD42 /* P･write.app */,
				4B9267E0283CAE1F0002AD42 /* P･writeTests.xctest */,
				4B9267EA283CAE1F0002AD42 /* P･writeUITests.xctest */,
			);
			name = Products;
			sourceTree = "<group>";
		};
		4B9267CC283CAE1D0002AD42 /* torimamemo */ = {
			isa = PBXGroup;
			children = (
				4B8370B228FE7D5E004E7C89 /* GoogleService-Info.plist */,
				4B9267CD283CAE1D0002AD42 /* AppDelegate.swift */,
				4B9267CF283CAE1D0002AD42 /* SceneDelegate.swift */,
				4B9267D3283CAE1D0002AD42 /* Main.storyboard */,
				4BCCCA8D2845EC7C00E80AAA /* MemoViewController.swift */,
				4B9267FD283CAF560002AD42 /* MemoTableTableViewController.swift */,
				4B9267D6283CAE1E0002AD42 /* Assets.xcassets */,
				4B9267D8283CAE1E0002AD42 /* LaunchScreen.storyboard */,
				4B9267DB283CAE1E0002AD42 /* Info.plist */,
			);
			path = torimamemo;
			sourceTree = "<group>";
		};
		4B9267E3283CAE1F0002AD42 /* torimamemoTests */ = {
			isa = PBXGroup;
			children = (
				4B9267E4283CAE1F0002AD42 /* torimamemoTests.swift */,
			);
			path = torimamemoTests;
			sourceTree = "<group>";
		};
		4B9267ED283CAE1F0002AD42 /* torimamemoUITests */ = {
			isa = PBXGroup;
			children = (
				4B9267EE283CAE1F0002AD42 /* torimamemoUITests.swift */,
				4B9267F0283CAE1F0002AD42 /* torimamemoUITestsLaunchTests.swift */,
			);
			path = torimamemoUITests;
			sourceTree = "<group>";
		};
/* End PBXGroup section */

/* Begin PBXNativeTarget section */
		4B9267C9283CAE1D0002AD42 /* P･write */ = {
			isa = PBXNativeTarget;
			buildConfigurationList = 4B9267F4283CAE1F0002AD42 /* Build configuration list for PBXNativeTarget "P･write" */;
			buildPhases = (
				4B9267C6283CAE1D0002AD42 /* Sources */,
				4B9267C7283CAE1D0002AD42 /* Frameworks */,
				4B9267C8283CAE1D0002AD42 /* Resources */,
			);
			buildRules = (
			);
			dependencies = (
			);
			name = "P･write";
			packageProductDependencies = (
				4BDB378C2910F52E0020D4B1 /* FirebaseFirestore */,
			);
			productName = torimamemo;
			productReference = 4B9267CA283CAE1D0002AD42 /* P･write.app */;
			productType = "com.apple.product-type.application";
		};
		4B9267DF283CAE1F0002AD42 /* P･writeTests */ = {
			isa = PBXNativeTarget;
			buildConfigurationList = 4B9267F7283CAE1F0002AD42 /* Build configuration list for PBXNativeTarget "P･writeTests" */;
			buildPhases = (
				4B9267DC283CAE1F0002AD42 /* Sources */,
				4B9267DD283CAE1F0002AD42 /* Frameworks */,
				4B9267DE283CAE1F0002AD42 /* Resources */,
			);
			buildRules = (
			);
			dependencies = (
				4B9267E2283CAE1F0002AD42 /* PBXTargetDependency */,
			);
			name = "P･writeTests";
			productName = torimamemoTests;
			productReference = 4B9267E0283CAE1F0002AD42 /* P･writeTests.xctest */;
			productType = "com.apple.product-type.bundle.unit-test";
		};
		4B9267E9283CAE1F0002AD42 /* P･writeUITests */ = {
			isa = PBXNativeTarget;
			buildConfigurationList = 4B9267FA283CAE1F0002AD42 /* Build configuration list for PBXNativeTarget "P･writeUITests" */;
			buildPhases = (
				4B9267E6283CAE1F0002AD42 /* Sources */,
				4B9267E7283CAE1F0002AD42 /* Frameworks */,
				4B9267E8283CAE1F0002AD42 /* Resources */,
			);
			buildRules = (
			);
			dependencies = (
				4B9267EC283CAE1F0002AD42 /* PBXTargetDependency */,
			);
			name = "P･writeUITests";
			productName = torimamemoUITests;
			productReference = 4B9267EA283CAE1F0002AD42 /* P･writeUITests.xctest */;
			productType = "com.apple.product-type.bundle.ui-testing";
		};
/* End PBXNativeTarget section */

/* Begin PBXProject section */
		4B9267C2283CAE1D0002AD42 /* Project object */ = {
			isa = PBXProject;
			attributes = {
				BuildIndependentTargetsInParallel = 1;
				LastSwiftUpdateCheck = 1340;
				LastUpgradeCheck = 1340;
				TargetAttributes = {
					4B9267C9283CAE1D0002AD42 = {
						CreatedOnToolsVersion = 13.4;
					};
					4B9267DF283CAE1F0002AD42 = {
						CreatedOnToolsVersion = 13.4;
						TestTargetID = 4B9267C9283CAE1D0002AD42;
					};
					4B9267E9283CAE1F0002AD42 = {
						CreatedOnToolsVersion = 13.4;
						TestTargetID = 4B9267C9283CAE1D0002AD42;
					};
				};
			};
			buildConfigurationList = 4B9267C5283CAE1D0002AD42 /* Build configuration list for PBXProject "P･write" */;
			compatibilityVersion = "Xcode 13.0";
			developmentRegion = en;
			hasScannedForEncodings = 0;
			knownRegions = (
				en,
				Base,
			);
			mainGroup = 4B9267C1283CAE1D0002AD42;
			packageReferences = (
				4BDB378B2910F52E0020D4B1 /* XCRemoteSwiftPackageReference "firebase-ios-sdk" */,
			);
			productRefGroup = 4B9267CB283CAE1D0002AD42 /* Products */;
			projectDirPath = "";
			projectRoot = "";
			targets = (
				4B9267C9283CAE1D0002AD42 /* P･write */,
				4B9267DF283CAE1F0002AD42 /* P･writeTests */,
				4B9267E9283CAE1F0002AD42 /* P･writeUITests */,
			);
		};
/* End PBXProject section */

/* Begin PBXResourcesBuildPhase section */
		4B9267C8283CAE1D0002AD42 /* Resources */ = {
			isa = PBXResourcesBuildPhase;
			buildActionMask = 2147483647;
			files = (
				4B8370B328FE7D5F004E7C89 /* GoogleService-Info.plist in Resources */,
				4B9267DA283CAE1E0002AD42 /* LaunchScreen.storyboard in Resources */,
				4B9267D7283CAE1E0002AD42 /* Assets.xcassets in Resources */,
				4B9267D5283CAE1D0002AD42 /* Main.storyboard in Resources */,
			);
			runOnlyForDeploymentPostprocessing = 0;
		};
		4B9267DE283CAE1F0002AD42 /* Resources */ = {
			isa = PBXResourcesBuildPhase;
			buildActionMask = 2147483647;
			files = (
			);
			runOnlyForDeploymentPostprocessing = 0;
		};
		4B9267E8283CAE1F0002AD42 /* Resources */ = {
			isa = PBXResourcesBuildPhase;
			buildActionMask = 2147483647;
			files = (
			);
			runOnlyForDeploymentPostprocessing = 0;
		};
/* End PBXResourcesBuildPhase section */

/* Begin PBXSourcesBuildPhase section */
		4B9267C6283CAE1D0002AD42 /* Sources */ = {
			isa = PBXSourcesBuildPhase;
			buildActionMask = 2147483647;
			files = (
				4BCCCA8E2845EC7C00E80AAA /* MemoViewController.swift in Sources */,
				4B9267CE283CAE1D0002AD42 /* AppDelegate.swift in Sources */,
				4B9267FE283CAF560002AD42 /* MemoTableTableViewController.swift in Sources */,
				4B9267D0283CAE1D0002AD42 /* SceneDelegate.swift in Sources */,
			);
			runOnlyForDeploymentPostprocessing = 0;
		};
		4B9267DC283CAE1F0002AD42 /* Sources */ = {
			isa = PBXSourcesBuildPhase;
			buildActionMask = 2147483647;
			files = (
				4B9267E5283CAE1F0002AD42 /* torimamemoTests.swift in Sources */,
			);
			runOnlyForDeploymentPostprocessing = 0;
		};
		4B9267E6283CAE1F0002AD42 /* Sources */ = {
			isa = PBXSourcesBuildPhase;
			buildActionMask = 2147483647;
			files = (
				4B9267F1283CAE1F0002AD42 /* torimamemoUITestsLaunchTests.swift in Sources */,
				4B9267EF283CAE1F0002AD42 /* torimamemoUITests.swift in Sources */,
			);
			runOnlyForDeploymentPostprocessing = 0;
		};
/* End PBXSourcesBuildPhase section */

/* Begin PBXTargetDependency section */
		4B9267E2283CAE1F0002AD42 /* PBXTargetDependency */ = {
			isa = PBXTargetDependency;
			target = 4B9267C9283CAE1D0002AD42 /* P･write */;
			targetProxy = 4B9267E1283CAE1F0002AD42 /* PBXContainerItemProxy */;
		};
		4B9267EC283CAE1F0002AD42 /* PBXTargetDependency */ = {
			isa = PBXTargetDependency;
			target = 4B9267C9283CAE1D0002AD42 /* P･write */;
			targetProxy = 4B9267EB283CAE1F0002AD42 /* PBXContainerItemProxy */;
		};
/* End PBXTargetDependency section */

/* Begin PBXVariantGroup section */
		4B9267D3283CAE1D0002AD42 /* Main.storyboard */ = {
			isa = PBXVariantGroup;
			children = (
				4B9267D4283CAE1D0002AD42 /* Base */,
			);
			name = Main.storyboard;
			sourceTree = "<group>";
		};
		4B9267D8283CAE1E0002AD42 /* LaunchScreen.storyboard */ = {
			isa = PBXVariantGroup;
			children = (
				4B9267D9283CAE1E0002AD42 /* Base */,
			);
			name = LaunchScreen.storyboard;
			sourceTree = "<group>";
		};
/* End PBXVariantGroup section */

/* Begin XCBuildConfiguration section */
		4B9267F2283CAE1F0002AD42 /* Debug */ = {
			isa = XCBuildConfiguration;
			buildSettings = {
				ALWAYS_SEARCH_USER_PATHS = NO;
				CLANG_ANALYZER_NONNULL = YES;
				CLANG_ANALYZER_NUMBER_OBJECT_CONVERSION = YES_AGGRESSIVE;
				CLANG_CXX_LANGUAGE_STANDARD = "gnu++17";
				CLANG_ENABLE_MODULES = YES;
				CLANG_ENABLE_OBJC_ARC = YES;
				CLANG_ENABLE_OBJC_WEAK = YES;
				CLANG_WARN_BLOCK_CAPTURE_AUTORELEASING = YES;
				CLANG_WARN_BOOL_CONVERSION = YES;
				CLANG_WARN_COMMA = YES;
				CLANG_WARN_CONSTANT_CONVERSION = YES;
				CLANG_WARN_DEPRECATED_OBJC_IMPLEMENTATIONS = YES;
				CLANG_WARN_DIRECT_OBJC_ISA_USAGE = YES_ERROR;
				CLANG_WARN_DOCUMENTATION_COMMENTS = YES;
				CLANG_WARN_EMPTY_BODY = YES;
				CLANG_WARN_ENUM_CONVERSION = YES;
				CLANG_WARN_INFINITE_RECURSION = YES;
				CLANG_WARN_INT_CONVERSION = YES;
				CLANG_WARN_NON_LITERAL_NULL_CONVERSION = YES;
				CLANG_WARN_OBJC_IMPLICIT_RETAIN_SELF = YES;
				CLANG_WARN_OBJC_LITERAL_CONVERSION = YES;
				CLANG_WARN_OBJC_ROOT_CLASS = YES_ERROR;
				CLANG_WARN_QUOTED_INCLUDE_IN_FRAMEWORK_HEADER = YES;
				CLANG_WARN_RANGE_LOOP_ANALYSIS = YES;
				CLANG_WARN_STRICT_PROTOTYPES = YES;
				CLANG_WARN_SUSPICIOUS_MOVE = YES;
				CLANG_WARN_UNGUARDED_AVAILABILITY = YES_AGGRESSIVE;
				CLANG_WARN_UNREACHABLE_CODE = YES;
				CLANG_WARN__DUPLICATE_METHOD_MATCH = YES;
				COPY_PHASE_STRIP = NO;
				DEBUG_INFORMATION_FORMAT = dwarf;
				ENABLE_STRICT_OBJC_MSGSEND = YES;
				ENABLE_TESTABILITY = YES;
				GCC_C_LANGUAGE_STANDARD = gnu11;
				GCC_DYNAMIC_NO_PIC = NO;
				GCC_NO_COMMON_BLOCKS = YES;
				GCC_OPTIMIZATION_LEVEL = 0;
				GCC_PREPROCESSOR_DEFINITIONS = (
					"DEBUG=1",
					"$(inherited)",
				);
				GCC_WARN_64_TO_32_BIT_CONVERSION = YES;
				GCC_WARN_ABOUT_RETURN_TYPE = YES_ERROR;
				GCC_WARN_UNDECLARED_SELECTOR = YES;
				GCC_WARN_UNINITIALIZED_AUTOS = YES_AGGRESSIVE;
				GCC_WARN_UNUSED_FUNCTION = YES;
				GCC_WARN_UNUSED_VARIABLE = YES;
				IPHONEOS_DEPLOYMENT_TARGET = 15.6;
				MTL_ENABLE_DEBUG_INFO = INCLUDE_SOURCE;
				MTL_FAST_MATH = YES;
				SDKROOT = iphoneos;
				SWIFT_ACTIVE_COMPILATION_CONDITIONS = DEBUG;
				SWIFT_OPTIMIZATION_LEVEL = "-Onone";
			};
			name = Debug;
		};
		4B9267F3283CAE1F0002AD42 /* Release */ = {
			isa = XCBuildConfiguration;
			buildSettings = {
				ALWAYS_SEARCH_USER_PATHS = NO;
				CLANG_ANALYZER_NONNULL = YES;
				CLANG_ANALYZER_NUMBER_OBJECT_CONVERSION = YES_AGGRESSIVE;
				CLANG_CXX_LANGUAGE_STANDARD = "gnu++17";
				CLANG_ENABLE_MODULES = YES;
				CLANG_ENABLE_OBJC_ARC = YES;
				CLANG_ENABLE_OBJC_WEAK = YES;
				CLANG_WARN_BLOCK_CAPTURE_AUTORELEASING = YES;
				CLANG_WARN_BOOL_CONVERSION = YES;
				CLANG_WARN_COMMA = YES;
				CLANG_WARN_CONSTANT_CONVERSION = YES;
				CLANG_WARN_DEPRECATED_OBJC_IMPLEMENTATIONS = YES;
				CLANG_WARN_DIRECT_OBJC_ISA_USAGE = YES_ERROR;
				CLANG_WARN_DOCUMENTATION_COMMENTS = YES;
				CLANG_WARN_EMPTY_BODY = YES;
				CLANG_WARN_ENUM_CONVERSION = YES;
				CLANG_WARN_INFINITE_RECURSION = YES;
				CLANG_WARN_INT_CONVERSION = YES;
				CLANG_WARN_NON_LITERAL_NULL_CONVERSION = YES;
				CLANG_WARN_OBJC_IMPLICIT_RETAIN_SELF = YES;
				CLANG_WARN_OBJC_LITERAL_CONVERSION = YES;
				CLANG_WARN_OBJC_ROOT_CLASS = YES_ERROR;
				CLANG_WARN_QUOTED_INCLUDE_IN_FRAMEWORK_HEADER = YES;
				CLANG_WARN_RANGE_LOOP_ANALYSIS = YES;
				CLANG_WARN_STRICT_PROTOTYPES = YES;
				CLANG_WARN_SUSPICIOUS_MOVE = YES;
				CLANG_WARN_UNGUARDED_AVAILABILITY = YES_AGGRESSIVE;
				CLANG_WARN_UNREACHABLE_CODE = YES;
				CLANG_WARN__DUPLICATE_METHOD_MATCH = YES;
				COPY_PHASE_STRIP = NO;
				DEBUG_INFORMATION_FORMAT = "dwarf-with-dsym";
				ENABLE_NS_ASSERTIONS = NO;
				ENABLE_STRICT_OBJC_MSGSEND = YES;
				GCC_C_LANGUAGE_STANDARD = gnu11;
				GCC_NO_COMMON_BLOCKS = YES;
				GCC_WARN_64_TO_32_BIT_CONVERSION = YES;
				GCC_WARN_ABOUT_RETURN_TYPE = YES_ERROR;
				GCC_WARN_UNDECLARED_SELECTOR = YES;
				GCC_WARN_UNINITIALIZED_AUTOS = YES_AGGRESSIVE;
				GCC_WARN_UNUSED_FUNCTION = YES;
				GCC_WARN_UNUSED_VARIABLE = YES;
				IPHONEOS_DEPLOYMENT_TARGET = 15.6;
				MTL_ENABLE_DEBUG_INFO = NO;
				MTL_FAST_MATH = YES;
				SDKROOT = iphoneos;
				SWIFT_COMPILATION_MODE = wholemodule;
				SWIFT_OPTIMIZATION_LEVEL = "-O";
				VALIDATE_PRODUCT = YES;
			};
			name = Release;
		};
		4B9267F5283CAE1F0002AD42 /* Debug */ = {
			isa = XCBuildConfiguration;
			buildSettings = {
				ASSETCATALOG_COMPILER_APPICON_NAME = AppIcon;
				ASSETCATALOG_COMPILER_GLOBAL_ACCENT_COLOR_NAME = AccentColor;
				CODE_SIGN_STYLE = Automatic;
				CURRENT_PROJECT_VERSION = 1;
				DEVELOPMENT_TEAM = WW637PAU8Z;
				GENERATE_INFOPLIST_FILE = YES;
				INFOPLIST_FILE = torimamemo/Info.plist;
				INFOPLIST_KEY_CFBundleDisplayName = "P･write";
				INFOPLIST_KEY_UIApplicationSupportsIndirectInputEvents = YES;
				INFOPLIST_KEY_UILaunchStoryboardName = LaunchScreen;
				INFOPLIST_KEY_UIMainStoryboardFile = Main;
				INFOPLIST_KEY_UISupportedInterfaceOrientations_iPad = "UIInterfaceOrientationPortrait UIInterfaceOrientationPortraitUpsideDown UIInterfaceOrientationLandscapeLeft UIInterfaceOrientationLandscapeRight";
				INFOPLIST_KEY_UISupportedInterfaceOrientations_iPhone = "UIInterfaceOrientationPortrait UIInterfaceOrientationLandscapeLeft UIInterfaceOrientationLandscapeRight";
				IPHONEOS_DEPLOYMENT_TARGET = 15.5;
				LD_RUNPATH_SEARCH_PATHS = (
					"$(inherited)",
					"@executable_path/Frameworks",
				);
				MARKETING_VERSION = 1.0;
				PRODUCT_BUNDLE_IDENTIFIER = com.yourcompany.torimamemo;
				PRODUCT_NAME = "$(TARGET_NAME)";
				SWIFT_EMIT_LOC_STRINGS = YES;
				SWIFT_VERSION = 5.0;
				TARGETED_DEVICE_FAMILY = "1,2";
			};
			name = Debug;
		};
		4B9267F6283CAE1F0002AD42 /* Release */ = {
			isa = XCBuildConfiguration;
			buildSettings = {
				ASSETCATALOG_COMPILER_APPICON_NAME = AppIcon;
				ASSETCATALOG_COMPILER_GLOBAL_ACCENT_COLOR_NAME = AccentColor;
				CODE_SIGN_STYLE = Automatic;
				CURRENT_PROJECT_VERSION = 1;
				DEVELOPMENT_TEAM = WW637PAU8Z;
				GENERATE_INFOPLIST_FILE = YES;
				INFOPLIST_FILE = torimamemo/Info.plist;
				INFOPLIST_KEY_CFBundleDisplayName = "P･write";
				INFOPLIST_KEY_UIApplicationSupportsIndirectInputEvents = YES;
				INFOPLIST_KEY_UILaunchStoryboardName = LaunchScreen;
				INFOPLIST_KEY_UIMainStoryboardFile = Main;
				INFOPLIST_KEY_UISupportedInterfaceOrientations_iPad = "UIInterfaceOrientationPortrait UIInterfaceOrientationPortraitUpsideDown UIInterfaceOrientationLandscapeLeft UIInterfaceOrientationLandscapeRight";
				INFOPLIST_KEY_UISupportedInterfaceOrientations_iPhone = "UIInterfaceOrientationPortrait UIInterfaceOrientationLandscapeLeft UIInterfaceOrientationLandscapeRight";
				IPHONEOS_DEPLOYMENT_TARGET = 15.5;
				LD_RUNPATH_SEARCH_PATHS = (
					"$(inherited)",
					"@executable_path/Frameworks",
				);
				MARKETING_VERSION = 1.0;
				PRODUCT_BUNDLE_IDENTIFIER = com.yourcompany.torimamemo;
				PRODUCT_NAME = "$(TARGET_NAME)";
				SWIFT_EMIT_LOC_STRINGS = YES;
				SWIFT_VERSION = 5.0;
				TARGETED_DEVICE_FAMILY = "1,2";
			};
			name = Release;
		};
		4B9267F8283CAE1F0002AD42 /* Debug */ = {
			isa = XCBuildConfiguration;
			buildSettings = {
				ALWAYS_EMBED_SWIFT_STANDARD_LIBRARIES = YES;
				BUNDLE_LOADER = "$(TEST_HOST)";
				CODE_SIGN_STYLE = Automatic;
				CURRENT_PROJECT_VERSION = 1;
				GENERATE_INFOPLIST_FILE = YES;
				IPHONEOS_DEPLOYMENT_TARGET = 15.5;
				MARKETING_VERSION = 1.0;
				PRODUCT_BUNDLE_IDENTIFIER = com.yourcompany.torimamemoTests;
				PRODUCT_NAME = "$(TARGET_NAME)";
				SWIFT_EMIT_LOC_STRINGS = NO;
				SWIFT_VERSION = 5.0;
				TARGETED_DEVICE_FAMILY = "1,2";
				TEST_HOST = "$(BUILT_PRODUCTS_DIR)/P･write.app/P･write";
			};
			name = Debug;
		};
		4B9267F9283CAE1F0002AD42 /* Release */ = {
			isa = XCBuildConfiguration;
			buildSettings = {
				ALWAYS_EMBED_SWIFT_STANDARD_LIBRARIES = YES;
				BUNDLE_LOADER = "$(TEST_HOST)";
				CODE_SIGN_STYLE = Automatic;
				CURRENT_PROJECT_VERSION = 1;
				GENERATE_INFOPLIST_FILE = YES;
				IPHONEOS_DEPLOYMENT_TARGET = 15.5;
				MARKETING_VERSION = 1.0;
				PRODUCT_BUNDLE_IDENTIFIER = com.yourcompany.torimamemoTests;
				PRODUCT_NAME = "$(TARGET_NAME)";
				SWIFT_EMIT_LOC_STRINGS = NO;
				SWIFT_VERSION = 5.0;
				TARGETED_DEVICE_FAMILY = "1,2";
				TEST_HOST = "$(BUILT_PRODUCTS_DIR)/P･write.app/P･write";
			};
			name = Release;
		};
		4B9267FB283CAE1F0002AD42 /* Debug */ = {
			isa = XCBuildConfiguration;
			buildSettings = {
				ALWAYS_EMBED_SWIFT_STANDARD_LIBRARIES = YES;
				CODE_SIGN_STYLE = Automatic;
				CURRENT_PROJECT_VERSION = 1;
				GENERATE_INFOPLIST_FILE = YES;
				MARKETING_VERSION = 1.0;
				PRODUCT_BUNDLE_IDENTIFIER = com.yourcompany.torimamemoUITests;
				PRODUCT_NAME = "$(TARGET_NAME)";
				SWIFT_EMIT_LOC_STRINGS = NO;
				SWIFT_VERSION = 5.0;
				TARGETED_DEVICE_FAMILY = "1,2";
				TEST_TARGET_NAME = torimamemo;
			};
			name = Debug;
		};
		4B9267FC283CAE1F0002AD42 /* Release */ = {
			isa = XCBuildConfiguration;
			buildSettings = {
				ALWAYS_EMBED_SWIFT_STANDARD_LIBRARIES = YES;
				CODE_SIGN_STYLE = Automatic;
				CURRENT_PROJECT_VERSION = 1;
				GENERATE_INFOPLIST_FILE = YES;
				MARKETING_VERSION = 1.0;
				PRODUCT_BUNDLE_IDENTIFIER = com.yourcompany.torimamemoUITests;
				PRODUCT_NAME = "$(TARGET_NAME)";
				SWIFT_EMIT_LOC_STRINGS = NO;
				SWIFT_VERSION = 5.0;
				TARGETED_DEVICE_FAMILY = "1,2";
				TEST_TARGET_NAME = torimamemo;
			};
			name = Release;
		};
/* End XCBuildConfiguration section */

/* Begin XCConfigurationList section */
		4B9267C5283CAE1D0002AD42 /* Build configuration list for PBXProject "P･write" */ = {
			isa = XCConfigurationList;
			buildConfigurations = (
				4B9267F2283CAE1F0002AD42 /* Debug */,
				4B9267F3283CAE1F0002AD42 /* Release */,
			);
			defaultConfigurationIsVisible = 0;
			defaultConfigurationName = Release;
		};
		4B9267F4283CAE1F0002AD42 /* Build configuration list for PBXNativeTarget "P･write" */ = {
			isa = XCConfigurationList;
			buildConfigurations = (
				4B9267F5283CAE1F0002AD42 /* Debug */,
				4B9267F6283CAE1F0002AD42 /* Release */,
			);
			defaultConfigurationIsVisible = 0;
			defaultConfigurationName = Release;
		};
		4B9267F7283CAE1F0002AD42 /* Build configuration list for PBXNativeTarget "P･writeTests" */ = {
			isa = XCConfigurationList;
			buildConfigurations = (
				4B9267F8283CAE1F0002AD42 /* Debug */,
				4B9267F9283CAE1F0002AD42 /* Release */,
			);
			defaultConfigurationIsVisible = 0;
			defaultConfigurationName = Release;
		};
		4B9267FA283CAE1F0002AD42 /* Build configuration list for PBXNativeTarget "P･writeUITests" */ = {
			isa = XCConfigurationList;
			buildConfigurations = (
				4B9267FB283CAE1F0002AD42 /* Debug */,
				4B9267FC283CAE1F0002AD42 /* Release */,
			);
			defaultConfigurationIsVisible = 0;
			defaultConfigurationName = Release;
		};
/* End XCConfigurationList section */

/* Begin XCRemoteSwiftPackageReference section */
		4BDB378B2910F52E0020D4B1 /* XCRemoteSwiftPackageReference "firebase-ios-sdk" */ = {
			isa = XCRemoteSwiftPackageReference;
			repositoryURL = "https://github.com/firebase/firebase-ios-sdk";
			requirement = {
				branch = master;
				kind = branch;
			};
		};
/* End XCRemoteSwiftPackageReference section */

/* Begin XCSwiftPackageProductDependency section */
		4BDB378C2910F52E0020D4B1 /* FirebaseFirestore */ = {
			isa = XCSwiftPackageProductDependency;
			package = 4BDB378B2910F52E0020D4B1 /* XCRemoteSwiftPackageReference "firebase-ios-sdk" */;
			productName = FirebaseFirestore;
		};
/* End XCSwiftPackageProductDependency section */
	};
	rootObject = 4B9267C2283CAE1D0002AD42 /* Project object */;
}
